<?xml version="1.0" encoding="UTF-8" standalone="yes" ?>
<CodeBlocks_project_file>
	<FileVersion major="1" minor="6" />
	<Project>
		<Option title="CUDA-CNN-GAN-VAE" />
		<Option pch_mode="2" />
		<Option compiler="nvcc" />
		<Build>
			<Target title="Release">
				<Option output="bin/Release/CUDA-CNN-GAN-VAE" prefix_auto="1" extension_auto="1" />
				<Option object_output="obj/Release/" />
				<Option type="1" />
				<Option compiler="nvcc" />
				<Compiler>
					<Add option="-std=c++11" />
					<Add option="-ccbin=g++" />
					<Add option="-gencode=arch=compute_61,code=sm_61" />
					<Add option="-I /usr/local/cuda-11.7/include" />
					<Add option="-L /usr/local/cuda-11.7/lib64" />
				</Compiler>
			</Target>
		</Build>
		<Unit filename="common/ccolormodel.cpp" />
		<Unit filename="common/ccolormodel.h" />
		<Unit filename="common/cdatastreamfile.cpp" />
		<Unit filename="common/cdatastreamfile.h" />
		<Unit filename="common/craiifilein.cpp" />
		<Unit filename="common/craiifilein.h" />
		<Unit filename="common/craiifileout.cpp" />
		<Unit filename="common/craiifileout.h" />
		<Unit filename="common/crandom.cpp" />
		<Unit filename="common/crandom.h" />
		<Unit filename="common/idatastream.cpp" />
		<Unit filename="common/idatastream.h" />
		<Unit filename="common/tga.cpp" />
		<Unit filename="common/tga.h" />
		<Unit filename="cpu/ctensor.cpp" />
		<Unit filename="cpu/ctensor.h" />
		<Unit filename="cpu/ctensorapplyfunc.cpp" />
		<Unit filename="cpu/ctensorapplyfunc.h" />
		<Unit filename="cpu/ctensorconv.cpp" />
		<Unit filename="cpu/ctensorconv.h" />
		<Unit filename="cpu/ctensormath.cpp" />
		<Unit filename="cpu/ctensormath.h" />
		<Unit filename="cpu/ctensortest.cpp" />
		<Unit filename="cpu/ctensortest.h" />
		<Unit filename="cpu/tensor.cpp" />
		<Unit filename="cpu/tensor.h" />
		<Unit filename="cuda/ccudadevicevector.cu.h" />
		<Unit filename="cuda/ccudatimespent.cu">
			<Option compile="1" />
			<Option link="1" />
		</Unit>
		<Unit filename="cuda/ccudatimespent.cu.h" />
		<Unit filename="cuda/ctensor.cu">
			<Option compile="1" />
			<Option link="1" />
		</Unit>
		<Unit filename="cuda/ctensor.cu.h" />
		<Unit filename="cuda/ctensorapplyfunc.cu">
			<Option compile="1" />
			<Option link="1" />
		</Unit>
		<Unit filename="cuda/ctensorapplyfunc.cu.h" />
		<Unit filename="cuda/ctensorconv.cu">
			<Option compile="1" />
			<Option link="1" />
		</Unit>
		<Unit filename="cuda/ctensorconv.cu.h" />
		<Unit filename="cuda/ctensormath.cu">
			<Option compile="1" />
			<Option link="1" />
		</Unit>
		<Unit filename="cuda/ctensormath.cu.h" />
		<Unit filename="cuda/ctensortest.cu">
			<Option compile="1" />
			<Option link="1" />
		</Unit>
		<Unit filename="cuda/ctensortest.cu.h" />
		<Unit filename="cuda/ctimestamp.cu">
			<Option compile="1" />
			<Option link="1" />
		</Unit>
		<Unit filename="cuda/ctimestamp.cu.h" />
		<Unit filename="cuda/cuda.cu">
			<Option compile="1" />
			<Option link="1" />
		</Unit>
		<Unit filename="cuda/cuda.cu.h" />
		<Unit filename="cuda/handle_error.cu.h" />
		<Unit filename="cuda/netmodel/cmodel_basicgan.cu.h" />
		<Unit filename="cuda/netmodel/cmodel_basicsrgan.cu.h" />
		<Unit filename="cuda/netmodel/cmodel_basicvae.cu.h" />
		<Unit filename="cuda/netmodel/cmodel_gan.cu.h" />
		<Unit filename="cuda/netmodel/cmodel_sorter.cu.h" />
		<Unit filename="cuda/netmodel/cmodel_srgan.cu.h" />
		<Unit filename="cuda/netmodel/cmodel_vae.cu.h" />
		<Unit filename="cuda/netmodel/cmodelmain.cu.h" />
		<Unit filename="cuda/tensor.cu">
			<Option compile="1" />
			<Option link="1" />
		</Unit>
		<Unit filename="cuda/tensor.cu.h" />
		<Unit filename="libjpeg/cderror.h" />
		<Unit filename="libjpeg/cdjpeg.c">
			<Option compilerVar="CC" />
		</Unit>
		<Unit filename="libjpeg/cdjpeg.h" />
		<Unit filename="libjpeg/jaricom.c">
			<Option compilerVar="CC" />
		</Unit>
		<Unit filename="libjpeg/jcapimin.c">
			<Option compilerVar="CC" />
		</Unit>
		<Unit filename="libjpeg/jcapistd.c">
			<Option compilerVar="CC" />
		</Unit>
		<Unit filename="libjpeg/jcarith.c">
			<Option compilerVar="CC" />
		</Unit>
		<Unit filename="libjpeg/jccoefct.c">
			<Option compilerVar="CC" />
		</Unit>
		<Unit filename="libjpeg/jccolor.c">
			<Option compilerVar="CC" />
		</Unit>
		<Unit filename="libjpeg/jcdctmgr.c">
			<Option compilerVar="CC" />
		</Unit>
		<Unit filename="libjpeg/jchuff.c">
			<Option compilerVar="CC" />
		</Unit>
		<Unit filename="libjpeg/jcinit.c">
			<Option compilerVar="CC" />
		</Unit>
		<Unit filename="libjpeg/jcmainct.c">
			<Option compilerVar="CC" />
		</Unit>
		<Unit filename="libjpeg/jcmarker.c">
			<Option compilerVar="CC" />
		</Unit>
		<Unit filename="libjpeg/jcmaster.c">
			<Option compilerVar="CC" />
		</Unit>
		<Unit filename="libjpeg/jcomapi.c">
			<Option compilerVar="CC" />
		</Unit>
		<Unit filename="libjpeg/jconfig.h" />
		<Unit filename="libjpeg/jcparam.c">
			<Option compilerVar="CC" />
		</Unit>
		<Unit filename="libjpeg/jcprepct.c">
			<Option compilerVar="CC" />
		</Unit>
		<Unit filename="libjpeg/jcsample.c">
			<Option compilerVar="CC" />
		</Unit>
		<Unit filename="libjpeg/jctrans.c">
			<Option compilerVar="CC" />
		</Unit>
		<Unit filename="libjpeg/jdapimin.c">
			<Option compilerVar="CC" />
		</Unit>
		<Unit filename="libjpeg/jdapistd.c">
			<Option compilerVar="CC" />
		</Unit>
		<Unit filename="libjpeg/jdarith.c">
			<Option compilerVar="CC" />
		</Unit>
		<Unit filename="libjpeg/jdatadst.c">
			<Option compilerVar="CC" />
		</Unit>
		<Unit filename="libjpeg/jdatasrc.c">
			<Option compilerVar="CC" />
		</Unit>
		<Unit filename="libjpeg/jdcoefct.c">
			<Option compilerVar="CC" />
		</Unit>
		<Unit filename="libjpeg/jdcolor.c">
			<Option compilerVar="CC" />
		</Unit>
		<Unit filename="libjpeg/jdct.h" />
		<Unit filename="libjpeg/jddctmgr.c">
			<Option compilerVar="CC" />
		</Unit>
		<Unit filename="libjpeg/jdhuff.c">
			<Option compilerVar="CC" />
		</Unit>
		<Unit filename="libjpeg/jdinput.c">
			<Option compilerVar="CC" />
		</Unit>
		<Unit filename="libjpeg/jdmainct.c">
			<Option compilerVar="CC" />
		</Unit>
		<Unit filename="libjpeg/jdmarker.c">
			<Option compilerVar="CC" />
		</Unit>
		<Unit filename="libjpeg/jdmaster.c">
			<Option compilerVar="CC" />
		</Unit>
		<Unit filename="libjpeg/jdmerge.c">
			<Option compilerVar="CC" />
		</Unit>
		<Unit filename="libjpeg/jdpostct.c">
			<Option compilerVar="CC" />
		</Unit>
		<Unit filename="libjpeg/jdsample.c">
			<Option compilerVar="CC" />
		</Unit>
		<Unit filename="libjpeg/jdtrans.c">
			<Option compilerVar="CC" />
		</Unit>
		<Unit filename="libjpeg/jerror.c">
			<Option compilerVar="CC" />
		</Unit>
		<Unit filename="libjpeg/jerror.h" />
		<Unit filename="libjpeg/jfdctflt.c">
			<Option compilerVar="CC" />
		</Unit>
		<Unit filename="libjpeg/jfdctfst.c">
			<Option compilerVar="CC" />
		</Unit>
		<Unit filename="libjpeg/jfdctint.c">
			<Option compilerVar="CC" />
		</Unit>
		<Unit filename="libjpeg/jidctflt.c">
			<Option compilerVar="CC" />
		</Unit>
		<Unit filename="libjpeg/jidctfst.c">
			<Option compilerVar="CC" />
		</Unit>
		<Unit filename="libjpeg/jidctint.c">
			<Option compilerVar="CC" />
		</Unit>
		<Unit filename="libjpeg/jinclude.h" />
		<Unit filename="libjpeg/jmemansi.c">
			<Option compilerVar="CC" />
		</Unit>
		<Unit filename="libjpeg/jmemmgr.c">
			<Option compilerVar="CC" />
		</Unit>
		<Unit filename="libjpeg/jmemsys.h" />
		<Unit filename="libjpeg/jmorecfg.h" />
		<Unit filename="libjpeg/jpegint.h" />
		<Unit filename="libjpeg/jpeglib.h" />
		<Unit filename="libjpeg/jquant1.c">
			<Option compilerVar="CC" />
		</Unit>
		<Unit filename="libjpeg/jquant2.c">
			<Option compilerVar="CC" />
		</Unit>
		<Unit filename="libjpeg/jutils.c">
			<Option compilerVar="CC" />
		</Unit>
		<Unit filename="libjpeg/jversion.h" />
		<Unit filename="libjpeg/rdbmp.c">
			<Option compilerVar="CC" />
		</Unit>
		<Unit filename="libjpeg/rdcolmap.c">
			<Option compilerVar="CC" />
		</Unit>
		<Unit filename="libjpeg/rdgif.c">
			<Option compilerVar="CC" />
		</Unit>
		<Unit filename="libjpeg/rdppm.c">
			<Option compilerVar="CC" />
		</Unit>
		<Unit filename="libjpeg/rdrle.c">
			<Option compilerVar="CC" />
		</Unit>
		<Unit filename="libjpeg/rdswitch.c">
			<Option compilerVar="CC" />
		</Unit>
		<Unit filename="libjpeg/rdtarga.c">
			<Option compilerVar="CC" />
		</Unit>
		<Unit filename="libjpeg/transupp.c">
			<Option compilerVar="CC" />
		</Unit>
		<Unit filename="libjpeg/transupp.h" />
		<Unit filename="libjpeg/wrbmp.c">
			<Option compilerVar="CC" />
		</Unit>
		<Unit filename="libjpeg/wrgif.c">
			<Option compilerVar="CC" />
		</Unit>
		<Unit filename="libjpeg/wrppm.c">
			<Option compilerVar="CC" />
		</Unit>
		<Unit filename="libjpeg/wrrle.c">
			<Option compilerVar="CC" />
		</Unit>
		<Unit filename="libjpeg/wrtarga.c">
			<Option compilerVar="CC" />
		</Unit>
		<Unit filename="main.cpp" />
		<Unit filename="netlayer/cnetlayeraveragepooling.cu">
			<Option compile="1" />
			<Option link="1" />
		</Unit>
		<Unit filename="netlayer/cnetlayeraveragepooling.cu.h" />
		<Unit filename="netlayer/cnetlayerbackconvolution.cu">
			<Option compile="1" />
			<Option link="1" />
		</Unit>
		<Unit filename="netlayer/cnetlayerbackconvolution.cu.h" />
		<Unit filename="netlayer/cnetlayerbatchnormalization.cu">
			<Option compile="1" />
			<Option link="1" />
		</Unit>
		<Unit filename="netlayer/cnetlayerbatchnormalization.cu.h" />
		<Unit filename="netlayer/cnetlayerconvolution.cu">
			<Option compile="1" />
			<Option link="1" />
		</Unit>
		<Unit filename="netlayer/cnetlayerconvolution.cu.h" />
		<Unit filename="netlayer/cnetlayerconvolutioninput.cu">
			<Option compile="1" />
			<Option link="1" />
		</Unit>
		<Unit filename="netlayer/cnetlayerconvolutioninput.cu.h" />
		<Unit filename="netlayer/cnetlayerdropout.cu">
			<Option compile="1" />
			<Option link="1" />
		</Unit>
		<Unit filename="netlayer/cnetlayerdropout.cu.h" />
		<Unit filename="netlayer/cnetlayerfunction.cu">
			<Option compile="1" />
			<Option link="1" />
		</Unit>
		<Unit filename="netlayer/cnetlayerfunction.cu.h" />
		<Unit filename="netlayer/cnetlayerlinear.cu">
			<Option compile="1" />
			<Option link="1" />
		</Unit>
		<Unit filename="netlayer/cnetlayerlinear.cu.h" />
		<Unit filename="netlayer/cnetlayermaxdepooling.cu">
			<Option compile="1" />
			<Option link="1" />
		</Unit>
		<Unit filename="netlayer/cnetlayermaxdepooling.cu.h" />
		<Unit filename="netlayer/cnetlayermaxpooling.cu">
			<Option compile="1" />
			<Option link="1" />
		</Unit>
		<Unit filename="netlayer/cnetlayermaxpooling.cu.h" />
		<Unit filename="netlayer/cnetlayerupsampling.cu">
			<Option compile="1" />
			<Option link="1" />
		</Unit>
		<Unit filename="netlayer/cnetlayerupsampling.cu.h" />
		<Unit filename="netlayer/inetlayer.cu">
			<Option compile="1" />
			<Option link="1" />
		</Unit>
		<Unit filename="netlayer/inetlayer.cu.h" />
		<Unit filename="netlayer/neuron.cu">
			<Option compile="1" />
			<Option link="1" />
		</Unit>
		<Unit filename="netlayer/neuron.cu.h" />
		<Unit filename="settings.h" />
		<Unit filename="system/system.cpp" />
		<Unit filename="system/system.h" />
		<Extensions />
	</Project>
</CodeBlocks_project_file>
